
Microsoft Visual Studio Solution File, Format Version 12.00
# Visual Studio 14
VisualStudioVersion = 14.0.25420.1
MinimumVisualStudioVersion = 14.0.23107.0
Project("{2150E333-8FDC-42A3-9474-1A3956D46DE8}") = "XenkoLiveEditorContainerProject", "XenkoLiveEditorContainerProject", "{5523F72A-4E82-42D8-AA47-602BFFCCD8DC}"
	ProjectSection(SiliconStudioPackage) = preProject
		XenkoLiveEditorContainerProject/XenkoLiveEditorContainerProject.xkpkg = XenkoLiveEditorContainerProject/XenkoLiveEditorContainerProject.xkpkg
	EndProjectSection
EndProject
Project("{FAE04EC0-301F-11D3-BF4B-00C04F79EFBC}") = "XenkoLiveEditorContainerProject.Windows", "XenkoLiveEditorContainerProject\XenkoLiveEditorContainerProject.Windows\XenkoLiveEditorContainerProject.Windows.csproj", "{06B6F3A3-6C17-4CFF-BD5D-6D0E533EC66F}"
EndProject
Project("{FAE04EC0-301F-11D3-BF4B-00C04F79EFBC}") = "XenkoLiveEditorContainerProject.Game", "XenkoLiveEditorContainerProject\XenkoLiveEditorContainerProject.Game\XenkoLiveEditorContainerProject.Game.csproj", "{B4C976B6-4FF9-435A-BFAD-77D431EBE63F}"
EndProject
Project("{FAE04EC0-301F-11D3-BF4B-00C04F79EFBC}") = "XenkoLiveEditor", "XenkoLiveEditor\XenkoLiveEditor.csproj", "{E8B8FC87-95CB-41CC-91E1-6EBF964A0B7E}"
EndProject
Global
	GlobalSection(SolutionConfigurationPlatforms) = preSolution
		AppStore|Any CPU = AppStore|Any CPU
		AppStore|Mixed Platforms = AppStore|Mixed Platforms
		AppStore|Windows = AppStore|Windows
		CoreCLR_Debug|Any CPU = CoreCLR_Debug|Any CPU
		CoreCLR_Debug|Mixed Platforms = CoreCLR_Debug|Mixed Platforms
		CoreCLR_Debug|Windows = CoreCLR_Debug|Windows
		CoreCLR_Release|Any CPU = CoreCLR_Release|Any CPU
		CoreCLR_Release|Mixed Platforms = CoreCLR_Release|Mixed Platforms
		CoreCLR_Release|Windows = CoreCLR_Release|Windows
		Debug|Any CPU = Debug|Any CPU
		Debug|Mixed Platforms = Debug|Mixed Platforms
		Debug|Windows = Debug|Windows
		Release|Any CPU = Release|Any CPU
		Release|Mixed Platforms = Release|Mixed Platforms
		Release|Windows = Release|Windows
		Testing|Any CPU = Testing|Any CPU
		Testing|Mixed Platforms = Testing|Mixed Platforms
		Testing|Windows = Testing|Windows
	EndGlobalSection
	GlobalSection(ProjectConfigurationPlatforms) = postSolution
		{06B6F3A3-6C17-4CFF-BD5D-6D0E533EC66F}.AppStore|Any CPU.ActiveCfg = AppStore|Any CPU
		{06B6F3A3-6C17-4CFF-BD5D-6D0E533EC66F}.AppStore|Any CPU.Build.0 = AppStore|Any CPU
		{06B6F3A3-6C17-4CFF-BD5D-6D0E533EC66F}.AppStore|Any CPU.Deploy.0 = AppStore|Any CPU
		{06B6F3A3-6C17-4CFF-BD5D-6D0E533EC66F}.AppStore|Mixed Platforms.ActiveCfg = AppStore|Any CPU
		{06B6F3A3-6C17-4CFF-BD5D-6D0E533EC66F}.AppStore|Mixed Platforms.Build.0 = AppStore|Any CPU
		{06B6F3A3-6C17-4CFF-BD5D-6D0E533EC66F}.AppStore|Mixed Platforms.Deploy.0 = AppStore|Any CPU
		{06B6F3A3-6C17-4CFF-BD5D-6D0E533EC66F}.AppStore|Windows.ActiveCfg = AppStore|Any CPU
		{06B6F3A3-6C17-4CFF-BD5D-6D0E533EC66F}.AppStore|Windows.Build.0 = AppStore|Any CPU
		{06B6F3A3-6C17-4CFF-BD5D-6D0E533EC66F}.AppStore|Windows.Deploy.0 = AppStore|Any CPU
		{06B6F3A3-6C17-4CFF-BD5D-6D0E533EC66F}.CoreCLR_Debug|Any CPU.ActiveCfg = CoreCLR_Debug|Any CPU
		{06B6F3A3-6C17-4CFF-BD5D-6D0E533EC66F}.CoreCLR_Debug|Any CPU.Build.0 = CoreCLR_Debug|Any CPU
		{06B6F3A3-6C17-4CFF-BD5D-6D0E533EC66F}.CoreCLR_Debug|Any CPU.Deploy.0 = CoreCLR_Debug|Any CPU
		{06B6F3A3-6C17-4CFF-BD5D-6D0E533EC66F}.CoreCLR_Debug|Mixed Platforms.ActiveCfg = CoreCLR_Debug|Any CPU
		{06B6F3A3-6C17-4CFF-BD5D-6D0E533EC66F}.CoreCLR_Debug|Mixed Platforms.Build.0 = CoreCLR_Debug|Any CPU
		{06B6F3A3-6C17-4CFF-BD5D-6D0E533EC66F}.CoreCLR_Debug|Mixed Platforms.Deploy.0 = CoreCLR_Debug|Any CPU
		{06B6F3A3-6C17-4CFF-BD5D-6D0E533EC66F}.CoreCLR_Debug|Windows.ActiveCfg = CoreCLR_Debug|Any CPU
		{06B6F3A3-6C17-4CFF-BD5D-6D0E533EC66F}.CoreCLR_Debug|Windows.Build.0 = CoreCLR_Debug|Any CPU
		{06B6F3A3-6C17-4CFF-BD5D-6D0E533EC66F}.CoreCLR_Debug|Windows.Deploy.0 = CoreCLR_Debug|Any CPU
		{06B6F3A3-6C17-4CFF-BD5D-6D0E533EC66F}.CoreCLR_Release|Any CPU.ActiveCfg = CoreCLR_Release|Any CPU
		{06B6F3A3-6C17-4CFF-BD5D-6D0E533EC66F}.CoreCLR_Release|Any CPU.Build.0 = CoreCLR_Release|Any CPU
		{06B6F3A3-6C17-4CFF-BD5D-6D0E533EC66F}.CoreCLR_Release|Any CPU.Deploy.0 = CoreCLR_Release|Any CPU
		{06B6F3A3-6C17-4CFF-BD5D-6D0E533EC66F}.CoreCLR_Release|Mixed Platforms.ActiveCfg = CoreCLR_Release|Any CPU
		{06B6F3A3-6C17-4CFF-BD5D-6D0E533EC66F}.CoreCLR_Release|Mixed Platforms.Build.0 = CoreCLR_Release|Any CPU
		{06B6F3A3-6C17-4CFF-BD5D-6D0E533EC66F}.CoreCLR_Release|Mixed Platforms.Deploy.0 = CoreCLR_Release|Any CPU
		{06B6F3A3-6C17-4CFF-BD5D-6D0E533EC66F}.CoreCLR_Release|Windows.ActiveCfg = CoreCLR_Release|Any CPU
		{06B6F3A3-6C17-4CFF-BD5D-6D0E533EC66F}.CoreCLR_Release|Windows.Build.0 = CoreCLR_Release|Any CPU
		{06B6F3A3-6C17-4CFF-BD5D-6D0E533EC66F}.CoreCLR_Release|Windows.Deploy.0 = CoreCLR_Release|Any CPU
		{06B6F3A3-6C17-4CFF-BD5D-6D0E533EC66F}.Debug|Any CPU.ActiveCfg = Debug|Any CPU
		{06B6F3A3-6C17-4CFF-BD5D-6D0E533EC66F}.Debug|Any CPU.Build.0 = Debug|Any CPU
		{06B6F3A3-6C17-4CFF-BD5D-6D0E533EC66F}.Debug|Any CPU.Deploy.0 = Debug|Any CPU
		{06B6F3A3-6C17-4CFF-BD5D-6D0E533EC66F}.Debug|Mixed Platforms.ActiveCfg = Debug|Any CPU
		{06B6F3A3-6C17-4CFF-BD5D-6D0E533EC66F}.Debug|Mixed Platforms.Build.0 = Debug|Any CPU
		{06B6F3A3-6C17-4CFF-BD5D-6D0E533EC66F}.Debug|Mixed Platforms.Deploy.0 = Debug|Any CPU
		{06B6F3A3-6C17-4CFF-BD5D-6D0E533EC66F}.Debug|Windows.ActiveCfg = Debug|Any CPU
		{06B6F3A3-6C17-4CFF-BD5D-6D0E533EC66F}.Debug|Windows.Build.0 = Debug|Any CPU
		{06B6F3A3-6C17-4CFF-BD5D-6D0E533EC66F}.Debug|Windows.Deploy.0 = Debug|Any CPU
		{06B6F3A3-6C17-4CFF-BD5D-6D0E533EC66F}.Release|Any CPU.ActiveCfg = Release|Any CPU
		{06B6F3A3-6C17-4CFF-BD5D-6D0E533EC66F}.Release|Any CPU.Build.0 = Release|Any CPU
		{06B6F3A3-6C17-4CFF-BD5D-6D0E533EC66F}.Release|Any CPU.Deploy.0 = Release|Any CPU
		{06B6F3A3-6C17-4CFF-BD5D-6D0E533EC66F}.Release|Mixed Platforms.ActiveCfg = Release|Any CPU
		{06B6F3A3-6C17-4CFF-BD5D-6D0E533EC66F}.Release|Mixed Platforms.Build.0 = Release|Any CPU
		{06B6F3A3-6C17-4CFF-BD5D-6D0E533EC66F}.Release|Mixed Platforms.Deploy.0 = Release|Any CPU
		{06B6F3A3-6C17-4CFF-BD5D-6D0E533EC66F}.Release|Windows.ActiveCfg = Release|Any CPU
		{06B6F3A3-6C17-4CFF-BD5D-6D0E533EC66F}.Release|Windows.Build.0 = Release|Any CPU
		{06B6F3A3-6C17-4CFF-BD5D-6D0E533EC66F}.Release|Windows.Deploy.0 = Release|Any CPU
		{06B6F3A3-6C17-4CFF-BD5D-6D0E533EC66F}.Testing|Any CPU.ActiveCfg = Testing|Any CPU
		{06B6F3A3-6C17-4CFF-BD5D-6D0E533EC66F}.Testing|Any CPU.Build.0 = Testing|Any CPU
		{06B6F3A3-6C17-4CFF-BD5D-6D0E533EC66F}.Testing|Any CPU.Deploy.0 = Testing|Any CPU
		{06B6F3A3-6C17-4CFF-BD5D-6D0E533EC66F}.Testing|Mixed Platforms.ActiveCfg = Testing|Any CPU
		{06B6F3A3-6C17-4CFF-BD5D-6D0E533EC66F}.Testing|Mixed Platforms.Build.0 = Testing|Any CPU
		{06B6F3A3-6C17-4CFF-BD5D-6D0E533EC66F}.Testing|Mixed Platforms.Deploy.0 = Testing|Any CPU
		{06B6F3A3-6C17-4CFF-BD5D-6D0E533EC66F}.Testing|Windows.ActiveCfg = Testing|Any CPU
		{06B6F3A3-6C17-4CFF-BD5D-6D0E533EC66F}.Testing|Windows.Build.0 = Testing|Any CPU
		{06B6F3A3-6C17-4CFF-BD5D-6D0E533EC66F}.Testing|Windows.Deploy.0 = Testing|Any CPU
		{B4C976B6-4FF9-435A-BFAD-77D431EBE63F}.AppStore|Any CPU.ActiveCfg = AppStore|Any CPU
		{B4C976B6-4FF9-435A-BFAD-77D431EBE63F}.AppStore|Any CPU.Build.0 = AppStore|Any CPU
		{B4C976B6-4FF9-435A-BFAD-77D431EBE63F}.AppStore|Mixed Platforms.ActiveCfg = AppStore|Any CPU
		{B4C976B6-4FF9-435A-BFAD-77D431EBE63F}.AppStore|Mixed Platforms.Build.0 = AppStore|Any CPU
		{B4C976B6-4FF9-435A-BFAD-77D431EBE63F}.AppStore|Windows.ActiveCfg = AppStore|Any CPU
		{B4C976B6-4FF9-435A-BFAD-77D431EBE63F}.AppStore|Windows.Build.0 = AppStore|Any CPU
		{B4C976B6-4FF9-435A-BFAD-77D431EBE63F}.CoreCLR_Debug|Any CPU.ActiveCfg = CoreCLR_Debug|Any CPU
		{B4C976B6-4FF9-435A-BFAD-77D431EBE63F}.CoreCLR_Debug|Any CPU.Build.0 = CoreCLR_Debug|Any CPU
		{B4C976B6-4FF9-435A-BFAD-77D431EBE63F}.CoreCLR_Debug|Mixed Platforms.ActiveCfg = CoreCLR_Debug|Any CPU
		{B4C976B6-4FF9-435A-BFAD-77D431EBE63F}.CoreCLR_Debug|Mixed Platforms.Build.0 = CoreCLR_Debug|Any CPU
		{B4C976B6-4FF9-435A-BFAD-77D431EBE63F}.CoreCLR_Debug|Windows.ActiveCfg = CoreCLR_Debug|Any CPU
		{B4C976B6-4FF9-435A-BFAD-77D431EBE63F}.CoreCLR_Debug|Windows.Build.0 = CoreCLR_Debug|Any CPU
		{B4C976B6-4FF9-435A-BFAD-77D431EBE63F}.CoreCLR_Release|Any CPU.ActiveCfg = CoreCLR_Release|Any CPU
		{B4C976B6-4FF9-435A-BFAD-77D431EBE63F}.CoreCLR_Release|Any CPU.Build.0 = CoreCLR_Release|Any CPU
		{B4C976B6-4FF9-435A-BFAD-77D431EBE63F}.CoreCLR_Release|Mixed Platforms.ActiveCfg = CoreCLR_Release|Any CPU
		{B4C976B6-4FF9-435A-BFAD-77D431EBE63F}.CoreCLR_Release|Mixed Platforms.Build.0 = CoreCLR_Release|Any CPU
		{B4C976B6-4FF9-435A-BFAD-77D431EBE63F}.CoreCLR_Release|Windows.ActiveCfg = CoreCLR_Release|Any CPU
		{B4C976B6-4FF9-435A-BFAD-77D431EBE63F}.CoreCLR_Release|Windows.Build.0 = CoreCLR_Release|Any CPU
		{B4C976B6-4FF9-435A-BFAD-77D431EBE63F}.Debug|Any CPU.ActiveCfg = Debug|Any CPU
		{B4C976B6-4FF9-435A-BFAD-77D431EBE63F}.Debug|Any CPU.Build.0 = Debug|Any CPU
		{B4C976B6-4FF9-435A-BFAD-77D431EBE63F}.Debug|Mixed Platforms.ActiveCfg = Debug|Any CPU
		{B4C976B6-4FF9-435A-BFAD-77D431EBE63F}.Debug|Mixed Platforms.Build.0 = Debug|Any CPU
		{B4C976B6-4FF9-435A-BFAD-77D431EBE63F}.Debug|Windows.ActiveCfg = Debug|Any CPU
		{B4C976B6-4FF9-435A-BFAD-77D431EBE63F}.Debug|Windows.Build.0 = Debug|Any CPU
		{B4C976B6-4FF9-435A-BFAD-77D431EBE63F}.Release|Any CPU.ActiveCfg = Release|Any CPU
		{B4C976B6-4FF9-435A-BFAD-77D431EBE63F}.Release|Any CPU.Build.0 = Release|Any CPU
		{B4C976B6-4FF9-435A-BFAD-77D431EBE63F}.Release|Mixed Platforms.ActiveCfg = Release|Any CPU
		{B4C976B6-4FF9-435A-BFAD-77D431EBE63F}.Release|Mixed Platforms.Build.0 = Release|Any CPU
		{B4C976B6-4FF9-435A-BFAD-77D431EBE63F}.Release|Windows.ActiveCfg = Release|Any CPU
		{B4C976B6-4FF9-435A-BFAD-77D431EBE63F}.Release|Windows.Build.0 = Release|Any CPU
		{B4C976B6-4FF9-435A-BFAD-77D431EBE63F}.Testing|Any CPU.ActiveCfg = Testing|Any CPU
		{B4C976B6-4FF9-435A-BFAD-77D431EBE63F}.Testing|Any CPU.Build.0 = Testing|Any CPU
		{B4C976B6-4FF9-435A-BFAD-77D431EBE63F}.Testing|Mixed Platforms.ActiveCfg = Testing|Any CPU
		{B4C976B6-4FF9-435A-BFAD-77D431EBE63F}.Testing|Mixed Platforms.Build.0 = Testing|Any CPU
		{B4C976B6-4FF9-435A-BFAD-77D431EBE63F}.Testing|Windows.ActiveCfg = Testing|Any CPU
		{B4C976B6-4FF9-435A-BFAD-77D431EBE63F}.Testing|Windows.Build.0 = Testing|Any CPU
		{E8B8FC87-95CB-41CC-91E1-6EBF964A0B7E}.AppStore|Any CPU.ActiveCfg = Release|Any CPU
		{E8B8FC87-95CB-41CC-91E1-6EBF964A0B7E}.AppStore|Any CPU.Build.0 = Release|Any CPU
		{E8B8FC87-95CB-41CC-91E1-6EBF964A0B7E}.AppStore|Mixed Platforms.ActiveCfg = Release|Any CPU
		{E8B8FC87-95CB-41CC-91E1-6EBF964A0B7E}.AppStore|Mixed Platforms.Build.0 = Release|Any CPU
		{E8B8FC87-95CB-41CC-91E1-6EBF964A0B7E}.AppStore|Windows.ActiveCfg = Release|Any CPU
		{E8B8FC87-95CB-41CC-91E1-6EBF964A0B7E}.AppStore|Windows.Build.0 = Release|Any CPU
		{E8B8FC87-95CB-41CC-91E1-6EBF964A0B7E}.CoreCLR_Debug|Any CPU.ActiveCfg = Debug|Any CPU
		{E8B8FC87-95CB-41CC-91E1-6EBF964A0B7E}.CoreCLR_Debug|Any CPU.Build.0 = Debug|Any CPU
		{E8B8FC87-95CB-41CC-91E1-6EBF964A0B7E}.CoreCLR_Debug|Mixed Platforms.ActiveCfg = Debug|Any CPU
		{E8B8FC87-95CB-41CC-91E1-6EBF964A0B7E}.CoreCLR_Debug|Mixed Platforms.Build.0 = Debug|Any CPU
		{E8B8FC87-95CB-41CC-91E1-6EBF964A0B7E}.CoreCLR_Debug|Windows.ActiveCfg = Debug|Any CPU
		{E8B8FC87-95CB-41CC-91E1-6EBF964A0B7E}.CoreCLR_Debug|Windows.Build.0 = Debug|Any CPU
		{E8B8FC87-95CB-41CC-91E1-6EBF964A0B7E}.CoreCLR_Release|Any CPU.ActiveCfg = Release|Any CPU
		{E8B8FC87-95CB-41CC-91E1-6EBF964A0B7E}.CoreCLR_Release|Any CPU.Build.0 = Release|Any CPU
		{E8B8FC87-95CB-41CC-91E1-6EBF964A0B7E}.CoreCLR_Release|Mixed Platforms.ActiveCfg = Release|Any CPU
		{E8B8FC87-95CB-41CC-91E1-6EBF964A0B7E}.CoreCLR_Release|Mixed Platforms.Build.0 = Release|Any CPU
		{E8B8FC87-95CB-41CC-91E1-6EBF964A0B7E}.CoreCLR_Release|Windows.ActiveCfg = Release|Any CPU
		{E8B8FC87-95CB-41CC-91E1-6EBF964A0B7E}.CoreCLR_Release|Windows.Build.0 = Release|Any CPU
		{E8B8FC87-95CB-41CC-91E1-6EBF964A0B7E}.Debug|Any CPU.ActiveCfg = Debug|Any CPU
		{E8B8FC87-95CB-41CC-91E1-6EBF964A0B7E}.Debug|Any CPU.Build.0 = Debug|Any CPU
		{E8B8FC87-95CB-41CC-91E1-6EBF964A0B7E}.Debug|Mixed Platforms.ActiveCfg = Debug|Any CPU
		{E8B8FC87-95CB-41CC-91E1-6EBF964A0B7E}.Debug|Mixed Platforms.Build.0 = Debug|Any CPU
		{E8B8FC87-95CB-41CC-91E1-6EBF964A0B7E}.Debug|Windows.ActiveCfg = Debug|Any CPU
		{E8B8FC87-95CB-41CC-91E1-6EBF964A0B7E}.Debug|Windows.Build.0 = Debug|Any CPU
		{E8B8FC87-95CB-41CC-91E1-6EBF964A0B7E}.Release|Any CPU.ActiveCfg = Release|Any CPU
		{E8B8FC87-95CB-41CC-91E1-6EBF964A0B7E}.Release|Any CPU.Build.0 = Release|Any CPU
		{E8B8FC87-95CB-41CC-91E1-6EBF964A0B7E}.Release|Mixed Platforms.ActiveCfg = Release|Any CPU
		{E8B8FC87-95CB-41CC-91E1-6EBF964A0B7E}.Release|Mixed Platforms.Build.0 = Release|Any CPU
		{E8B8FC87-95CB-41CC-91E1-6EBF964A0B7E}.Release|Windows.ActiveCfg = Release|Any CPU
		{E8B8FC87-95CB-41CC-91E1-6EBF964A0B7E}.Release|Windows.Build.0 = Release|Any CPU
		{E8B8FC87-95CB-41CC-91E1-6EBF964A0B7E}.Testing|Any CPU.ActiveCfg = Release|Any CPU
		{E8B8FC87-95CB-41CC-91E1-6EBF964A0B7E}.Testing|Any CPU.Build.0 = Release|Any CPU
		{E8B8FC87-95CB-41CC-91E1-6EBF964A0B7E}.Testing|Mixed Platforms.ActiveCfg = Release|Any CPU
		{E8B8FC87-95CB-41CC-91E1-6EBF964A0B7E}.Testing|Mixed Platforms.Build.0 = Release|Any CPU
		{E8B8FC87-95CB-41CC-91E1-6EBF964A0B7E}.Testing|Windows.ActiveCfg = Release|Any CPU
		{E8B8FC87-95CB-41CC-91E1-6EBF964A0B7E}.Testing|Windows.Build.0 = Release|Any CPU
	EndGlobalSection
	GlobalSection(SolutionProperties) = preSolution
		HideSolutionNode = FALSE
	EndGlobalSection
	GlobalSection(NestedProjects) = preSolution
		{06B6F3A3-6C17-4CFF-BD5D-6D0E533EC66F} = {5523F72A-4E82-42D8-AA47-602BFFCCD8DC}
		{B4C976B6-4FF9-435A-BFAD-77D431EBE63F} = {5523F72A-4E82-42D8-AA47-602BFFCCD8DC}
	EndGlobalSection
EndGlobal
